
Microsoft Visual Studio Solution File, Format Version 12.00
Project("{FAE04EC0-301F-11D3-BF4B-00C04F79EFBC}") = "DiscordMusic.Cli", "DiscordMusic.Cli\DiscordMusic.Cli.csproj", "{2C26E964-4452-4B0A-8E95-2815299DBA4B}"
EndProject
Project("{2150E333-8FDC-42A3-9474-1A3956D46DE8}") = "_", "_", "{767A61DB-59D5-4F65-A9AD-CAD3EE911C8D}"
	ProjectSection(SolutionItems) = preProject
		.gitignore = .gitignore
		Directory.Build.props = Directory.Build.props
		Directory.Packages.props = Directory.Packages.props
		global.json = global.json
		nuget.config = nuget.config
		README.md = README.md
		version.json = version.json
		LICENSE = LICENSE
		CHANGELOG.md = CHANGELOG.md
		.editorconfig = .editorconfig
	EndProjectSection
EndProject
Project("{2150E333-8FDC-42A3-9474-1A3956D46DE8}") = ".github", ".github", "{7F376CC7-AF38-4BA0-B3F2-5B870D87FF54}"
EndProject
Project("{2150E333-8FDC-42A3-9474-1A3956D46DE8}") = "workflows", "workflows", "{09BBD093-469E-4B6F-BF7C-F1F2874A0080}"
	ProjectSection(SolutionItems) = preProject
		.github\workflows\release.yml = .github\workflows\release.yml
		.github\workflows\test_linux_x64.yml = .github\workflows\test_linux_x64.yml
		.github\workflows\test_osx_x64.yml = .github\workflows\test_osx_x64.yml
		.github\workflows\test_win_x64.yml = .github\workflows\test_win_x64.yml
	EndProjectSection
EndProject
Project("{FAE04EC0-301F-11D3-BF4B-00C04F79EFBC}") = "DiscordMusic.Core", "DiscordMusic.Core\DiscordMusic.Core.csproj", "{7F098287-1825-44E0-B561-3B7AE162A352}"
EndProject
Project("{FAE04EC0-301F-11D3-BF4B-00C04F79EFBC}") = "DiscordMusic.Cs.Cli", "DiscordMusic.Cs.Cli\DiscordMusic.Cs.Cli.csproj", "{44CDE447-C40B-4200-A7FA-03D77F411D85}"
EndProject
Global
	GlobalSection(SolutionConfigurationPlatforms) = preSolution
		Debug|Any CPU = Debug|Any CPU
		Release|Any CPU = Release|Any CPU
	EndGlobalSection
	GlobalSection(ProjectConfigurationPlatforms) = postSolution
		{2C26E964-4452-4B0A-8E95-2815299DBA4B}.Debug|Any CPU.ActiveCfg = Debug|Any CPU
		{2C26E964-4452-4B0A-8E95-2815299DBA4B}.Debug|Any CPU.Build.0 = Debug|Any CPU
		{2C26E964-4452-4B0A-8E95-2815299DBA4B}.Release|Any CPU.ActiveCfg = Release|Any CPU
		{2C26E964-4452-4B0A-8E95-2815299DBA4B}.Release|Any CPU.Build.0 = Release|Any CPU
		{7F098287-1825-44E0-B561-3B7AE162A352}.Debug|Any CPU.ActiveCfg = Debug|Any CPU
		{7F098287-1825-44E0-B561-3B7AE162A352}.Debug|Any CPU.Build.0 = Debug|Any CPU
		{7F098287-1825-44E0-B561-3B7AE162A352}.Release|Any CPU.ActiveCfg = Release|Any CPU
		{7F098287-1825-44E0-B561-3B7AE162A352}.Release|Any CPU.Build.0 = Release|Any CPU
		{44CDE447-C40B-4200-A7FA-03D77F411D85}.Debug|Any CPU.ActiveCfg = Debug|Any CPU
		{44CDE447-C40B-4200-A7FA-03D77F411D85}.Debug|Any CPU.Build.0 = Debug|Any CPU
		{44CDE447-C40B-4200-A7FA-03D77F411D85}.Release|Any CPU.ActiveCfg = Release|Any CPU
		{44CDE447-C40B-4200-A7FA-03D77F411D85}.Release|Any CPU.Build.0 = Release|Any CPU
	EndGlobalSection
	GlobalSection(NestedProjects) = preSolution
		{7F376CC7-AF38-4BA0-B3F2-5B870D87FF54} = {767A61DB-59D5-4F65-A9AD-CAD3EE911C8D}
		{09BBD093-469E-4B6F-BF7C-F1F2874A0080} = {7F376CC7-AF38-4BA0-B3F2-5B870D87FF54}
	EndGlobalSection
EndGlobal
