
Microsoft Visual Studio Solution File, Format Version 12.00
Project("{FAE04EC0-301F-11D3-BF4B-00C04F79EFBC}") = "DiscordMusic.Client", "DiscordMusic.Client\DiscordMusic.Client.csproj", "{6633A64A-A169-911E-0278-35CDE7E6EB9C}"
EndProject
Project("{FAE04EC0-301F-11D3-BF4B-00C04F79EFBC}") = "DiscordMusic.Core.Tests", "DiscordMusic.Core.Tests\DiscordMusic.Core.Tests.csproj", "{D8CD6E06-3E83-FBE1-7DC8-CF2E0C10BEC0}"
EndProject
Project("{FAE04EC0-301F-11D3-BF4B-00C04F79EFBC}") = "DiscordMusic.Core", "DiscordMusic.Core\DiscordMusic.Core.csproj", "{FD4C81AB-02E7-F22D-F8C6-345654FEAC7B}"
EndProject
Project("{2150E333-8FDC-42A3-9474-1A3956D46DE8}") = "_", "_", "{979E4AB0-B6F7-AF0B-D32E-9486C7F48FA6}"
	ProjectSection(SolutionItems) = preProject
		.editorconfig = .editorconfig
		.gitignore = .gitignore
		Directory.Build.props = Directory.Build.props
		Directory.Packages.props = Directory.Packages.props
		global.json = global.json
		version.json = version.json
		..\.dockerignore = ..\.dockerignore
		..\.env.example = ..\.env.example
		..\CHANGELOG.md = ..\CHANGELOG.md
		..\compose.yaml = ..\compose.yaml
		..\Dockerfile = ..\Dockerfile
		..\LICENSE = ..\LICENSE
		..\README.md = ..\README.md
		..\.env = ..\.env
	EndProjectSection
EndProject
Project("{2150E333-8FDC-42A3-9474-1A3956D46DE8}") = ".github", ".github", "{68D7CF19-058E-3C51-4172-A5881C305BE6}"
EndProject
Project("{2150E333-8FDC-42A3-9474-1A3956D46DE8}") = "workflows", "workflows", "{85BA348F-9C1C-EB73-1424-E6C66A0064B0}"
	ProjectSection(SolutionItems) = preProject
		..\.github\workflows\release.yml = ..\.github\workflows\release.yml
		..\.github\workflows\test_linux_x64.yml = ..\.github\workflows\test_linux_x64.yml
		..\.github\workflows\test_osx_x64.yml = ..\.github\workflows\test_osx_x64.yml
		..\.github\workflows\test_win_x64.yml = ..\.github\workflows\test_win_x64.yml
	EndProjectSection
EndProject
Project("{2150E333-8FDC-42A3-9474-1A3956D46DE8}") = "natives", "natives", "{C29E5DF8-1CD3-30BD-F6BF-C003ED42A273}"
	ProjectSection(SolutionItems) = preProject
		..\natives\LICENSE.opus = ..\natives\LICENSE.opus
	EndProjectSection
EndProject
Project("{2150E333-8FDC-42A3-9474-1A3956D46DE8}") = "linux-aarch64", "linux-aarch64", "{3D6DB282-323E-71C8-E686-75EE84B57098}"
	ProjectSection(SolutionItems) = preProject
		..\natives\linux-aarch64\libopus.so = ..\natives\linux-aarch64\libopus.so
	EndProjectSection
EndProject
Project("{2150E333-8FDC-42A3-9474-1A3956D46DE8}") = "linux-x86_64", "linux-x86_64", "{1728735E-94A0-FD28-6E90-4D0CB4B55EA2}"
	ProjectSection(SolutionItems) = preProject
		..\natives\linux-x86_64\libopus.so = ..\natives\linux-x86_64\libopus.so
	EndProjectSection
EndProject
Project("{2150E333-8FDC-42A3-9474-1A3956D46DE8}") = "win-x86_64", "win-x86_64", "{EEDFA1F3-1E4F-DFC8-BBFA-7E44B5AB209D}"
	ProjectSection(SolutionItems) = preProject
		..\natives\win-x86_64\opus.dll = ..\natives\win-x86_64\opus.dll
	EndProjectSection
EndProject
Global
	GlobalSection(SolutionConfigurationPlatforms) = preSolution
		Debug|Any CPU = Debug|Any CPU
		Release|Any CPU = Release|Any CPU
	EndGlobalSection
	GlobalSection(ProjectConfigurationPlatforms) = postSolution
		{6633A64A-A169-911E-0278-35CDE7E6EB9C}.Debug|Any CPU.ActiveCfg = Debug|Any CPU
		{6633A64A-A169-911E-0278-35CDE7E6EB9C}.Debug|Any CPU.Build.0 = Debug|Any CPU
		{6633A64A-A169-911E-0278-35CDE7E6EB9C}.Release|Any CPU.ActiveCfg = Release|Any CPU
		{6633A64A-A169-911E-0278-35CDE7E6EB9C}.Release|Any CPU.Build.0 = Release|Any CPU
		{D8CD6E06-3E83-FBE1-7DC8-CF2E0C10BEC0}.Debug|Any CPU.ActiveCfg = Debug|Any CPU
		{D8CD6E06-3E83-FBE1-7DC8-CF2E0C10BEC0}.Debug|Any CPU.Build.0 = Debug|Any CPU
		{D8CD6E06-3E83-FBE1-7DC8-CF2E0C10BEC0}.Release|Any CPU.ActiveCfg = Release|Any CPU
		{D8CD6E06-3E83-FBE1-7DC8-CF2E0C10BEC0}.Release|Any CPU.Build.0 = Release|Any CPU
		{FD4C81AB-02E7-F22D-F8C6-345654FEAC7B}.Debug|Any CPU.ActiveCfg = Debug|Any CPU
		{FD4C81AB-02E7-F22D-F8C6-345654FEAC7B}.Debug|Any CPU.Build.0 = Debug|Any CPU
		{FD4C81AB-02E7-F22D-F8C6-345654FEAC7B}.Release|Any CPU.ActiveCfg = Release|Any CPU
		{FD4C81AB-02E7-F22D-F8C6-345654FEAC7B}.Release|Any CPU.Build.0 = Release|Any CPU
	EndGlobalSection
	GlobalSection(NestedProjects) = preSolution
		{68D7CF19-058E-3C51-4172-A5881C305BE6} = {979E4AB0-B6F7-AF0B-D32E-9486C7F48FA6}
		{C29E5DF8-1CD3-30BD-F6BF-C003ED42A273} = {979E4AB0-B6F7-AF0B-D32E-9486C7F48FA6}
		{85BA348F-9C1C-EB73-1424-E6C66A0064B0} = {68D7CF19-058E-3C51-4172-A5881C305BE6}
		{3D6DB282-323E-71C8-E686-75EE84B57098} = {C29E5DF8-1CD3-30BD-F6BF-C003ED42A273}
		{1728735E-94A0-FD28-6E90-4D0CB4B55EA2} = {C29E5DF8-1CD3-30BD-F6BF-C003ED42A273}
		{EEDFA1F3-1E4F-DFC8-BBFA-7E44B5AB209D} = {C29E5DF8-1CD3-30BD-F6BF-C003ED42A273}
	EndGlobalSection
EndGlobal
